
Microsoft Visual Studio Solution File, Format Version 12.00
# Visual Studio Version 16
VisualStudioVersion = 16.0.30320.27
MinimumVisualStudioVersion = 10.0.40219.1
Project("{FAE04EC0-301F-11D3-BF4B-00C04F79EFBC}") = "Lesson5A", "Lesson5A\Lesson5A.csproj", "{4869264C-1411-4E05-B73E-B9EED525FC76}"
EndProject
Project("{FAE04EC0-301F-11D3-BF4B-00C04F79EFBC}") = "Bai1", "Bai1\Bai1.csproj", "{19BA032F-893E-4796-ABCF-16CEB02064A8}"
EndProject
Project("{FAE04EC0-301F-11D3-BF4B-00C04F79EFBC}") = "Lesson5B", "Lesson5B\Lesson5B.csproj", "{19C52BC8-CE18-4070-B05B-017F515F6282}"
EndProject
Global
	GlobalSection(SolutionConfigurationPlatforms) = preSolution
		Debug|Any CPU = Debug|Any CPU
		Release|Any CPU = Release|Any CPU
	EndGlobalSection
	GlobalSection(ProjectConfigurationPlatforms) = postSolution
		{4869264C-1411-4E05-B73E-B9EED525FC76}.Debug|Any CPU.ActiveCfg = Debug|Any CPU
		{4869264C-1411-4E05-B73E-B9EED525FC76}.Debug|Any CPU.Build.0 = Debug|Any CPU
		{4869264C-1411-4E05-B73E-B9EED525FC76}.Release|Any CPU.ActiveCfg = Release|Any CPU
		{4869264C-1411-4E05-B73E-B9EED525FC76}.Release|Any CPU.Build.0 = Release|Any CPU
		{19BA032F-893E-4796-ABCF-16CEB02064A8}.Debug|Any CPU.ActiveCfg = Debug|Any CPU
		{19BA032F-893E-4796-ABCF-16CEB02064A8}.Debug|Any CPU.Build.0 = Debug|Any CPU
		{19BA032F-893E-4796-ABCF-16CEB02064A8}.Release|Any CPU.ActiveCfg = Release|Any CPU
		{19BA032F-893E-4796-ABCF-16CEB02064A8}.Release|Any CPU.Build.0 = Release|Any CPU
		{19C52BC8-CE18-4070-B05B-017F515F6282}.Debug|Any CPU.ActiveCfg = Debug|Any CPU
		{19C52BC8-CE18-4070-B05B-017F515F6282}.Debug|Any CPU.Build.0 = Debug|Any CPU
		{19C52BC8-CE18-4070-B05B-017F515F6282}.Release|Any CPU.ActiveCfg = Release|Any CPU
		{19C52BC8-CE18-4070-B05B-017F515F6282}.Release|Any CPU.Build.0 = Release|Any CPU
	EndGlobalSection
	GlobalSection(SolutionProperties) = preSolution
		HideSolutionNode = FALSE
	EndGlobalSection
	GlobalSection(ExtensibilityGlobals) = postSolution
		SolutionGuid = {7E6DADE6-0C1D-4B2D-85C1-58344EF82E15}
	EndGlobalSection
EndGlobal
