
Microsoft Visual Studio Solution File, Format Version 12.00
# Visual Studio Version 16
VisualStudioVersion = 16.0.30320.27
MinimumVisualStudioVersion = 10.0.40219.1
Project("{FAE04EC0-301F-11D3-BF4B-00C04F79EFBC}") = "Lesson2", "Lesson2\Lesson2.csproj", "{05EF5A6A-5294-4FF2-9B22-2A6EC1FFC1FB}"
EndProject
Global
	GlobalSection(SolutionConfigurationPlatforms) = preSolution
		Debug|Any CPU = Debug|Any CPU
		Release|Any CPU = Release|Any CPU
	EndGlobalSection
	GlobalSection(ProjectConfigurationPlatforms) = postSolution
		{05EF5A6A-5294-4FF2-9B22-2A6EC1FFC1FB}.Debug|Any CPU.ActiveCfg = Debug|Any CPU
		{05EF5A6A-5294-4FF2-9B22-2A6EC1FFC1FB}.Debug|Any CPU.Build.0 = Debug|Any CPU
		{05EF5A6A-5294-4FF2-9B22-2A6EC1FFC1FB}.Release|Any CPU.ActiveCfg = Release|Any CPU
		{05EF5A6A-5294-4FF2-9B22-2A6EC1FFC1FB}.Release|Any CPU.Build.0 = Release|Any CPU
	EndGlobalSection
	GlobalSection(SolutionProperties) = preSolution
		HideSolutionNode = FALSE
	EndGlobalSection
	GlobalSection(ExtensibilityGlobals) = postSolution
		SolutionGuid = {66F29545-D429-4BAD-A5D9-7F1D00FC7474}
	EndGlobalSection
EndGlobal
