
Microsoft Visual Studio Solution File, Format Version 12.00
# Visual Studio Version 16
VisualStudioVersion = 16.0.30320.27
MinimumVisualStudioVersion = 10.0.40219.1
Project("{FAE04EC0-301F-11D3-BF4B-00C04F79EFBC}") = "Lesson2C", "Lesson2C\Lesson2C.csproj", "{D9B4FE74-CC8C-4F35-90C5-02ACCAE5B07C}"
EndProject
Global
	GlobalSection(SolutionConfigurationPlatforms) = preSolution
		Debug|Any CPU = Debug|Any CPU
		Release|Any CPU = Release|Any CPU
	EndGlobalSection
	GlobalSection(ProjectConfigurationPlatforms) = postSolution
		{D9B4FE74-CC8C-4F35-90C5-02ACCAE5B07C}.Debug|Any CPU.ActiveCfg = Debug|Any CPU
		{D9B4FE74-CC8C-4F35-90C5-02ACCAE5B07C}.Debug|Any CPU.Build.0 = Debug|Any CPU
		{D9B4FE74-CC8C-4F35-90C5-02ACCAE5B07C}.Release|Any CPU.ActiveCfg = Release|Any CPU
		{D9B4FE74-CC8C-4F35-90C5-02ACCAE5B07C}.Release|Any CPU.Build.0 = Release|Any CPU
	EndGlobalSection
	GlobalSection(SolutionProperties) = preSolution
		HideSolutionNode = FALSE
	EndGlobalSection
	GlobalSection(ExtensibilityGlobals) = postSolution
		SolutionGuid = {49C0DCAC-C9B7-404F-9921-CE7A4EEB14E4}
	EndGlobalSection
EndGlobal
