
Microsoft Visual Studio Solution File, Format Version 12.00
# Visual Studio Version 16
VisualStudioVersion = 16.0.30320.27
MinimumVisualStudioVersion = 10.0.40219.1
Project("{FAE04EC0-301F-11D3-BF4B-00C04F79EFBC}") = "Lesson7A", "Lesson7A\Lesson7A.csproj", "{0ED13C6A-1AC6-4BD1-B8DA-4E9253CA9B07}"
EndProject
Global
	GlobalSection(SolutionConfigurationPlatforms) = preSolution
		Debug|Any CPU = Debug|Any CPU
		Release|Any CPU = Release|Any CPU
	EndGlobalSection
	GlobalSection(ProjectConfigurationPlatforms) = postSolution
		{0ED13C6A-1AC6-4BD1-B8DA-4E9253CA9B07}.Debug|Any CPU.ActiveCfg = Debug|Any CPU
		{0ED13C6A-1AC6-4BD1-B8DA-4E9253CA9B07}.Debug|Any CPU.Build.0 = Debug|Any CPU
		{0ED13C6A-1AC6-4BD1-B8DA-4E9253CA9B07}.Release|Any CPU.ActiveCfg = Release|Any CPU
		{0ED13C6A-1AC6-4BD1-B8DA-4E9253CA9B07}.Release|Any CPU.Build.0 = Release|Any CPU
	EndGlobalSection
	GlobalSection(SolutionProperties) = preSolution
		HideSolutionNode = FALSE
	EndGlobalSection
	GlobalSection(ExtensibilityGlobals) = postSolution
		SolutionGuid = {1CABBC3B-276D-4F28-B297-1878C884027D}
	EndGlobalSection
EndGlobal
